{
  "meteor": {},
  "dependencies": {
    "basePackages": {
      "bootstrap3-sass": {}
    },
    "packages": {
      "bootstrap3-sass": {
        "git": "https://github.com/reywood/meteor-bootstrap3-sass.git",
        "tag": "v3.0.2-1d",
        "commit": "c90eef6ac97157acbf3cb7b732806a9ff5f164fc"
      },
      "scss": {
        "git": "https://github.com/fourseven/meteor-scss.git",
        "tag": "v0.7.0",
        "commit": "39f60d58c2b890bdd897ef52188644f3093fc2ac"
      }
    }
  }
}
